
Microsoft Visual Studio Solution File, Format Version 12.00
# Visual Studio 2012
Project("{8BC9CEB8-8B4A-11D0-8D11-00A0C91BC942}") = "Stack", "Stack\Stack.vcxproj", "{0D72CE11-4DEC-4BEA-AF77-6C57D14243CB}"
EndProject
Project("{8BC9CEB8-8B4A-11D0-8D11-00A0C91BC942}") = "gtest", "gtest\gtest.vcxproj", "{464F66BD-9249-4BCD-8142-9B0A873FEA8C}"
EndProject
Project("{8BC9CEB8-8B4A-11D0-8D11-00A0C91BC942}") = "test", "test\test.vcxproj", "{DF2B8FCF-5914-446B-A85D-6A7A1F24CCD3}"
EndProject
Global
	GlobalSection(SolutionConfigurationPlatforms) = preSolution
		Debug|Any CPU = Debug|Any CPU
		Debug|Mixed Platforms = Debug|Mixed Platforms
		Debug|Win32 = Debug|Win32
		Release|Any CPU = Release|Any CPU
		Release|Mixed Platforms = Release|Mixed Platforms
		Release|Win32 = Release|Win32
	EndGlobalSection
	GlobalSection(ProjectConfigurationPlatforms) = postSolution
		{0D72CE11-4DEC-4BEA-AF77-6C57D14243CB}.Debug|Any CPU.ActiveCfg = Debug|Win32
		{0D72CE11-4DEC-4BEA-AF77-6C57D14243CB}.Debug|Mixed Platforms.ActiveCfg = Debug|Win32
		{0D72CE11-4DEC-4BEA-AF77-6C57D14243CB}.Debug|Mixed Platforms.Build.0 = Debug|Win32
		{0D72CE11-4DEC-4BEA-AF77-6C57D14243CB}.Debug|Win32.ActiveCfg = Debug|Win32
		{0D72CE11-4DEC-4BEA-AF77-6C57D14243CB}.Debug|Win32.Build.0 = Debug|Win32
		{0D72CE11-4DEC-4BEA-AF77-6C57D14243CB}.Release|Any CPU.ActiveCfg = Release|Win32
		{0D72CE11-4DEC-4BEA-AF77-6C57D14243CB}.Release|Mixed Platforms.ActiveCfg = Release|Win32
		{0D72CE11-4DEC-4BEA-AF77-6C57D14243CB}.Release|Mixed Platforms.Build.0 = Release|Win32
		{0D72CE11-4DEC-4BEA-AF77-6C57D14243CB}.Release|Win32.ActiveCfg = Release|Win32
		{0D72CE11-4DEC-4BEA-AF77-6C57D14243CB}.Release|Win32.Build.0 = Release|Win32
		{464F66BD-9249-4BCD-8142-9B0A873FEA8C}.Debug|Any CPU.ActiveCfg = Debug|Win32
		{464F66BD-9249-4BCD-8142-9B0A873FEA8C}.Debug|Mixed Platforms.ActiveCfg = Debug|Win32
		{464F66BD-9249-4BCD-8142-9B0A873FEA8C}.Debug|Mixed Platforms.Build.0 = Debug|Win32
		{464F66BD-9249-4BCD-8142-9B0A873FEA8C}.Debug|Win32.ActiveCfg = Debug|Win32
		{464F66BD-9249-4BCD-8142-9B0A873FEA8C}.Debug|Win32.Build.0 = Debug|Win32
		{464F66BD-9249-4BCD-8142-9B0A873FEA8C}.Release|Any CPU.ActiveCfg = Release|Win32
		{464F66BD-9249-4BCD-8142-9B0A873FEA8C}.Release|Mixed Platforms.ActiveCfg = Release|Win32
		{464F66BD-9249-4BCD-8142-9B0A873FEA8C}.Release|Mixed Platforms.Build.0 = Release|Win32
		{464F66BD-9249-4BCD-8142-9B0A873FEA8C}.Release|Win32.ActiveCfg = Release|Win32
		{464F66BD-9249-4BCD-8142-9B0A873FEA8C}.Release|Win32.Build.0 = Release|Win32
		{DF2B8FCF-5914-446B-A85D-6A7A1F24CCD3}.Debug|Any CPU.ActiveCfg = Debug|Win32
		{DF2B8FCF-5914-446B-A85D-6A7A1F24CCD3}.Debug|Mixed Platforms.ActiveCfg = Debug|Win32
		{DF2B8FCF-5914-446B-A85D-6A7A1F24CCD3}.Debug|Mixed Platforms.Build.0 = Debug|Win32
		{DF2B8FCF-5914-446B-A85D-6A7A1F24CCD3}.Debug|Win32.ActiveCfg = Debug|Win32
		{DF2B8FCF-5914-446B-A85D-6A7A1F24CCD3}.Debug|Win32.Build.0 = Debug|Win32
		{DF2B8FCF-5914-446B-A85D-6A7A1F24CCD3}.Release|Any CPU.ActiveCfg = Release|Win32
		{DF2B8FCF-5914-446B-A85D-6A7A1F24CCD3}.Release|Mixed Platforms.ActiveCfg = Release|Win32
		{DF2B8FCF-5914-446B-A85D-6A7A1F24CCD3}.Release|Mixed Platforms.Build.0 = Release|Win32
		{DF2B8FCF-5914-446B-A85D-6A7A1F24CCD3}.Release|Win32.ActiveCfg = Release|Win32
		{DF2B8FCF-5914-446B-A85D-6A7A1F24CCD3}.Release|Win32.Build.0 = Release|Win32
	EndGlobalSection
	GlobalSection(SolutionProperties) = preSolution
		HideSolutionNode = FALSE
	EndGlobalSection
EndGlobal
